{
    "apiDependenciesMetadata": {
        "com.fasterxml.jackson.core:jackson-annotations": {
            "locked": "2.11.1",
            "transitive": [
                "com.fasterxml.jackson.core:jackson-databind",
                "com.fasterxml.jackson.module:jackson-module-kotlin"
            ]
        },
        "com.fasterxml.jackson.core:jackson-core": {
            "locked": "2.11.1",
            "transitive": [
                "com.fasterxml.jackson.core:jackson-databind"
            ]
        },
        "com.fasterxml.jackson.core:jackson-databind": {
            "locked": "2.11.1",
            "transitive": [
                "com.fasterxml.jackson.module:jackson-module-kotlin"
            ]
        },
        "com.fasterxml.jackson.module:jackson-module-kotlin": {
            "locked": "2.9.9",
            "requested": "2.9.9"
        },
        "org.jetbrains.kotlin:kotlin-reflect": {
            "locked": "1.3.41",
            "requested": "1.3.41",
            "transitive": [
                "com.fasterxml.jackson.module:jackson-module-kotlin"
            ]
        },
        "org.jetbrains.kotlin:kotlin-stdlib": {
            "locked": "1.3.72",
            "transitive": [
                "org.jetbrains.kotlin:kotlin-reflect",
                "org.jetbrains.kotlin:kotlin-stdlib-jdk7",
                "org.jetbrains.kotlin:kotlin-stdlib-jdk8"
            ]
        },
        "org.jetbrains.kotlin:kotlin-stdlib-common": {
            "locked": "1.3.72",
            "transitive": [
                "org.jetbrains.kotlin:kotlin-stdlib"
            ]
        },
        "org.jetbrains.kotlin:kotlin-stdlib-jdk7": {
            "locked": "1.3.72",
            "transitive": [
                "org.jetbrains.kotlin:kotlin-stdlib-jdk8"
            ]
        },
        "org.jetbrains.kotlin:kotlin-stdlib-jdk8": {
            "locked": "1.3.41",
            "requested": "1.3.41"
        },
        "org.jetbrains:annotations": {
            "locked": "13.0",
            "transitive": [
                "org.jetbrains.kotlin:kotlin-stdlib"
            ]
        }
    },
    "compile": {
        "com.fasterxml.jackson.core:jackson-annotations": {
            "locked": "2.11.1",
            "transitive": [
                "com.fasterxml.jackson.core:jackson-databind",
                "com.fasterxml.jackson.module:jackson-module-kotlin"
            ]
        },
        "com.fasterxml.jackson.core:jackson-core": {
            "locked": "2.11.1",
            "transitive": [
                "com.fasterxml.jackson.core:jackson-databind"
            ]
        },
        "com.fasterxml.jackson.core:jackson-databind": {
            "locked": "2.11.1",
            "transitive": [
                "com.fasterxml.jackson.module:jackson-module-kotlin"
            ]
        },
        "com.fasterxml.jackson.module:jackson-module-kotlin": {
            "locked": "2.9.9",
            "requested": "2.9.9"
        },
        "org.jetbrains.kotlin:kotlin-reflect": {
            "locked": "1.3.41",
            "requested": "1.3.41",
            "transitive": [
                "com.fasterxml.jackson.module:jackson-module-kotlin"
            ]
        },
        "org.jetbrains.kotlin:kotlin-stdlib": {
            "locked": "1.3.72",
            "transitive": [
                "org.jetbrains.kotlin:kotlin-reflect",
                "org.jetbrains.kotlin:kotlin-stdlib-jdk7",
                "org.jetbrains.kotlin:kotlin-stdlib-jdk8"
            ]
        },
        "org.jetbrains.kotlin:kotlin-stdlib-common": {
            "locked": "1.3.72",
            "transitive": [
                "org.jetbrains.kotlin:kotlin-stdlib"
            ]
        },
        "org.jetbrains.kotlin:kotlin-stdlib-jdk7": {
            "locked": "1.3.72",
            "transitive": [
                "org.jetbrains.kotlin:kotlin-stdlib-jdk8"
            ]
        },
        "org.jetbrains.kotlin:kotlin-stdlib-jdk8": {
            "locked": "1.3.41",
            "requested": "1.3.41"
        },
        "org.jetbrains:annotations": {
            "locked": "13.0",
            "transitive": [
                "org.jetbrains.kotlin:kotlin-stdlib"
            ]
        }
    },
    "compileClasspath": {
        "com.fasterxml.jackson.core:jackson-annotations": {
            "locked": "2.11.1",
            "transitive": [
                "com.fasterxml.jackson.core:jackson-databind",
                "com.fasterxml.jackson.module:jackson-module-kotlin"
            ]
        },
        "com.fasterxml.jackson.core:jackson-core": {
            "locked": "2.11.1",
            "transitive": [
                "com.fasterxml.jackson.core:jackson-databind"
            ]
        },
        "com.fasterxml.jackson.core:jackson-databind": {
            "locked": "2.11.1",
            "transitive": [
                "com.fasterxml.jackson.module:jackson-module-kotlin"
            ]
        },
        "com.fasterxml.jackson.module:jackson-module-kotlin": {
            "locked": "2.9.9",
            "requested": "2.9.9"
        },
        "org.jetbrains.kotlin:kotlin-reflect": {
            "locked": "1.3.41",
            "requested": "1.3.41",
            "transitive": [
                "com.fasterxml.jackson.module:jackson-module-kotlin"
            ]
        },
        "org.jetbrains.kotlin:kotlin-stdlib": {
            "locked": "1.3.72",
            "transitive": [
                "org.jetbrains.kotlin:kotlin-reflect",
                "org.jetbrains.kotlin:kotlin-stdlib-jdk7",
                "org.jetbrains.kotlin:kotlin-stdlib-jdk8"
            ]
        },
        "org.jetbrains.kotlin:kotlin-stdlib-common": {
            "locked": "1.3.72",
            "transitive": [
                "org.jetbrains.kotlin:kotlin-stdlib"
            ]
        },
        "org.jetbrains.kotlin:kotlin-stdlib-jdk7": {
            "locked": "1.3.72",
            "transitive": [
                "org.jetbrains.kotlin:kotlin-stdlib-jdk8"
            ]
        },
        "org.jetbrains.kotlin:kotlin-stdlib-jdk8": {
            "locked": "1.3.41",
            "requested": "1.3.41"
        },
        "org.jetbrains:annotations": {
            "locked": "13.0",
            "transitive": [
                "org.jetbrains.kotlin:kotlin-stdlib"
            ]
        }
    },
    "default": {
        "com.fasterxml.jackson.core:jackson-annotations": {
            "locked": "2.11.1",
            "transitive": [
                "com.fasterxml.jackson.core:jackson-databind",
                "com.fasterxml.jackson.module:jackson-module-kotlin"
            ]
        },
        "com.fasterxml.jackson.core:jackson-core": {
            "locked": "2.11.1",
            "transitive": [
                "com.fasterxml.jackson.core:jackson-databind"
            ]
        },
        "com.fasterxml.jackson.core:jackson-databind": {
            "locked": "2.11.1",
            "transitive": [
                "com.fasterxml.jackson.module:jackson-module-kotlin"
            ]
        },
        "com.fasterxml.jackson.module:jackson-module-kotlin": {
            "locked": "2.9.9",
            "requested": "2.9.9"
        },
        "org.jetbrains.kotlin:kotlin-reflect": {
            "locked": "1.3.41",
            "requested": "1.3.41",
            "transitive": [
                "com.fasterxml.jackson.module:jackson-module-kotlin"
            ]
        },
        "org.jetbrains.kotlin:kotlin-stdlib": {
            "locked": "1.3.72",
            "transitive": [
                "org.jetbrains.kotlin:kotlin-reflect",
                "org.jetbrains.kotlin:kotlin-stdlib-jdk7",
                "org.jetbrains.kotlin:kotlin-stdlib-jdk8"
            ]
        },
        "org.jetbrains.kotlin:kotlin-stdlib-common": {
            "locked": "1.3.72",
            "transitive": [
                "org.jetbrains.kotlin:kotlin-stdlib"
            ]
        },
        "org.jetbrains.kotlin:kotlin-stdlib-jdk7": {
            "locked": "1.3.72",
            "transitive": [
                "org.jetbrains.kotlin:kotlin-stdlib-jdk8"
            ]
        },
        "org.jetbrains.kotlin:kotlin-stdlib-jdk8": {
            "locked": "1.3.41",
            "requested": "1.3.41"
        },
        "org.jetbrains:annotations": {
            "locked": "13.0",
            "transitive": [
                "org.jetbrains.kotlin:kotlin-stdlib"
            ]
        }
    },
    "implementationDependenciesMetadata": {
        "com.fasterxml.jackson.core:jackson-annotations": {
            "locked": "2.11.1",
            "transitive": [
                "com.fasterxml.jackson.core:jackson-databind",
                "com.fasterxml.jackson.module:jackson-module-kotlin"
            ]
        },
        "com.fasterxml.jackson.core:jackson-core": {
            "locked": "2.11.1",
            "transitive": [
                "com.fasterxml.jackson.core:jackson-databind"
            ]
        },
        "com.fasterxml.jackson.core:jackson-databind": {
            "locked": "2.11.1",
            "transitive": [
                "com.fasterxml.jackson.module:jackson-module-kotlin"
            ]
        },
        "com.fasterxml.jackson.module:jackson-module-kotlin": {
            "locked": "2.9.9",
            "requested": "2.9.9"
        },
        "org.jetbrains.kotlin:kotlin-reflect": {
            "locked": "1.3.41",
            "requested": "1.3.41",
            "transitive": [
                "com.fasterxml.jackson.module:jackson-module-kotlin"
            ]
        },
        "org.jetbrains.kotlin:kotlin-stdlib": {
            "locked": "1.3.72",
            "transitive": [
                "org.jetbrains.kotlin:kotlin-reflect",
                "org.jetbrains.kotlin:kotlin-stdlib-jdk7",
                "org.jetbrains.kotlin:kotlin-stdlib-jdk8"
            ]
        },
        "org.jetbrains.kotlin:kotlin-stdlib-common": {
            "locked": "1.3.72",
            "transitive": [
                "org.jetbrains.kotlin:kotlin-stdlib"
            ]
        },
        "org.jetbrains.kotlin:kotlin-stdlib-jdk7": {
            "locked": "1.3.72",
            "transitive": [
                "org.jetbrains.kotlin:kotlin-stdlib-jdk8"
            ]
        },
        "org.jetbrains.kotlin:kotlin-stdlib-jdk8": {
            "locked": "1.3.41",
            "requested": "1.3.41"
        },
        "org.jetbrains:annotations": {
            "locked": "13.0",
            "transitive": [
                "org.jetbrains.kotlin:kotlin-stdlib"
            ]
        }
    },
    "kotlinCompilerClasspath": {
        "org.jetbrains.intellij.deps:trove4j": {
            "locked": "1.0.20181211",
            "transitive": [
                "org.jetbrains.kotlin:kotlin-compiler-embeddable"
            ]
        },
        "org.jetbrains.kotlin:kotlin-compiler-embeddable": {
            "locked": "1.3.41",
            "requested": "1.3.41"
        },
        "org.jetbrains.kotlin:kotlin-reflect": {
            "locked": "1.3.72",
            "transitive": [
                "org.jetbrains.kotlin:kotlin-compiler-embeddable"
            ]
        },
        "org.jetbrains.kotlin:kotlin-script-runtime": {
            "locked": "1.3.72",
            "transitive": [
                "org.jetbrains.kotlin:kotlin-compiler-embeddable"
            ]
        },
        "org.jetbrains.kotlin:kotlin-stdlib": {
            "locked": "1.3.72",
            "transitive": [
                "org.jetbrains.kotlin:kotlin-compiler-embeddable",
                "org.jetbrains.kotlin:kotlin-reflect"
            ]
        },
        "org.jetbrains.kotlin:kotlin-stdlib-common": {
            "locked": "1.3.72",
            "transitive": [
                "org.jetbrains.kotlin:kotlin-stdlib"
            ]
        },
        "org.jetbrains:annotations": {
            "locked": "13.0",
            "transitive": [
                "org.jetbrains.kotlin:kotlin-stdlib"
            ]
        }
    },
    "kotlinCompilerPluginClasspath": {
        "org.jetbrains.kotlin:kotlin-script-runtime": {
            "locked": "1.3.72",
            "transitive": [
                "org.jetbrains.kotlin:kotlin-scripting-jvm"
            ]
        },
        "org.jetbrains.kotlin:kotlin-scripting-common": {
            "locked": "1.3.72",
            "transitive": [
                "org.jetbrains.kotlin:kotlin-scripting-compiler-impl-embeddable",
                "org.jetbrains.kotlin:kotlin-scripting-jvm"
            ]
        },
        "org.jetbrains.kotlin:kotlin-scripting-compiler-embeddable": {
            "locked": "1.3.41",
            "requested": "1.3.41"
        },
        "org.jetbrains.kotlin:kotlin-scripting-compiler-impl-embeddable": {
            "locked": "1.3.41",
            "transitive": [
                "org.jetbrains.kotlin:kotlin-scripting-compiler-embeddable"
            ]
        },
        "org.jetbrains.kotlin:kotlin-scripting-jvm": {
            "locked": "1.3.72",
            "transitive": [
                "org.jetbrains.kotlin:kotlin-scripting-compiler-impl-embeddable"
            ]
        },
        "org.jetbrains.kotlin:kotlin-stdlib": {
            "locked": "1.3.72",
            "transitive": [
                "org.jetbrains.kotlin:kotlin-scripting-common",
                "org.jetbrains.kotlin:kotlin-scripting-compiler-embeddable",
                "org.jetbrains.kotlin:kotlin-scripting-compiler-impl-embeddable",
                "org.jetbrains.kotlin:kotlin-scripting-jvm"
            ]
        },
        "org.jetbrains.kotlin:kotlin-stdlib-common": {
            "locked": "1.3.72",
            "transitive": [
                "org.jetbrains.kotlin:kotlin-stdlib"
            ]
        },
        "org.jetbrains.kotlinx:kotlinx-coroutines-core": {
            "locked": "1.3.8",
            "transitive": [
                "org.jetbrains.kotlin:kotlin-scripting-common",
                "org.jetbrains.kotlin:kotlin-scripting-compiler-impl-embeddable"
            ]
        },
        "org.jetbrains:annotations": {
            "locked": "13.0",
            "transitive": [
                "org.jetbrains.kotlin:kotlin-stdlib"
            ]
        }
    },
    "runtime": {
        "com.fasterxml.jackson.core:jackson-annotations": {
            "locked": "2.11.1",
            "transitive": [
                "com.fasterxml.jackson.core:jackson-databind",
                "com.fasterxml.jackson.module:jackson-module-kotlin"
            ]
        },
        "com.fasterxml.jackson.core:jackson-core": {
            "locked": "2.11.1",
            "transitive": [
                "com.fasterxml.jackson.core:jackson-databind"
            ]
        },
        "com.fasterxml.jackson.core:jackson-databind": {
            "locked": "2.11.1",
            "transitive": [
                "com.fasterxml.jackson.module:jackson-module-kotlin"
            ]
        },
        "com.fasterxml.jackson.module:jackson-module-kotlin": {
            "locked": "2.9.9",
            "requested": "2.9.9"
        },
        "org.jetbrains.kotlin:kotlin-reflect": {
            "locked": "1.3.41",
            "requested": "1.3.41",
            "transitive": [
                "com.fasterxml.jackson.module:jackson-module-kotlin"
            ]
        },
        "org.jetbrains.kotlin:kotlin-stdlib": {
            "locked": "1.3.72",
            "transitive": [
                "org.jetbrains.kotlin:kotlin-reflect",
                "org.jetbrains.kotlin:kotlin-stdlib-jdk7",
                "org.jetbrains.kotlin:kotlin-stdlib-jdk8"
            ]
        },
        "org.jetbrains.kotlin:kotlin-stdlib-common": {
            "locked": "1.3.72",
            "transitive": [
                "org.jetbrains.kotlin:kotlin-stdlib"
            ]
        },
        "org.jetbrains.kotlin:kotlin-stdlib-jdk7": {
            "locked": "1.3.72",
            "transitive": [
                "org.jetbrains.kotlin:kotlin-stdlib-jdk8"
            ]
        },
        "org.jetbrains.kotlin:kotlin-stdlib-jdk8": {
            "locked": "1.3.41",
            "requested": "1.3.41"
        },
        "org.jetbrains:annotations": {
            "locked": "13.0",
            "transitive": [
                "org.jetbrains.kotlin:kotlin-stdlib"
            ]
        }
    },
    "runtimeClasspath": {
        "com.fasterxml.jackson.core:jackson-annotations": {
            "locked": "2.11.1",
            "transitive": [
                "com.fasterxml.jackson.core:jackson-databind",
                "com.fasterxml.jackson.module:jackson-module-kotlin"
            ]
        },
        "com.fasterxml.jackson.core:jackson-core": {
            "locked": "2.11.1",
            "transitive": [
                "com.fasterxml.jackson.core:jackson-databind"
            ]
        },
        "com.fasterxml.jackson.core:jackson-databind": {
            "locked": "2.11.1",
            "transitive": [
                "com.fasterxml.jackson.module:jackson-module-kotlin"
            ]
        },
        "com.fasterxml.jackson.module:jackson-module-kotlin": {
            "locked": "2.9.9",
            "requested": "2.9.9"
        },
        "org.jetbrains.kotlin:kotlin-reflect": {
            "locked": "1.3.41",
            "requested": "1.3.41",
            "transitive": [
                "com.fasterxml.jackson.module:jackson-module-kotlin"
            ]
        },
        "org.jetbrains.kotlin:kotlin-stdlib": {
            "locked": "1.3.72",
            "transitive": [
                "org.jetbrains.kotlin:kotlin-reflect",
                "org.jetbrains.kotlin:kotlin-stdlib-jdk7",
                "org.jetbrains.kotlin:kotlin-stdlib-jdk8"
            ]
        },
        "org.jetbrains.kotlin:kotlin-stdlib-common": {
            "locked": "1.3.72",
            "transitive": [
                "org.jetbrains.kotlin:kotlin-stdlib"
            ]
        },
        "org.jetbrains.kotlin:kotlin-stdlib-jdk7": {
            "locked": "1.3.72",
            "transitive": [
                "org.jetbrains.kotlin:kotlin-stdlib-jdk8"
            ]
        },
        "org.jetbrains.kotlin:kotlin-stdlib-jdk8": {
            "locked": "1.3.41",
            "requested": "1.3.41"
        },
        "org.jetbrains:annotations": {
            "locked": "13.0",
            "transitive": [
                "org.jetbrains.kotlin:kotlin-stdlib"
            ]
        }
    },
    "testApiDependenciesMetadata": {
        "com.fasterxml.jackson.core:jackson-annotations": {
            "locked": "2.11.1",
            "transitive": [
                "com.fasterxml.jackson.core:jackson-databind",
                "com.fasterxml.jackson.module:jackson-module-kotlin"
            ]
        },
        "com.fasterxml.jackson.core:jackson-core": {
            "locked": "2.11.1",
            "transitive": [
                "com.fasterxml.jackson.core:jackson-databind"
            ]
        },
        "com.fasterxml.jackson.core:jackson-databind": {
            "locked": "2.11.1",
            "transitive": [
                "com.fasterxml.jackson.module:jackson-module-kotlin"
            ]
        },
        "com.fasterxml.jackson.module:jackson-module-kotlin": {
            "locked": "2.9.9",
            "requested": "2.9.9"
        },
        "org.jetbrains.kotlin:kotlin-reflect": {
            "locked": "1.3.41",
            "requested": "1.3.41",
            "transitive": [
                "com.fasterxml.jackson.module:jackson-module-kotlin"
            ]
        },
        "org.jetbrains.kotlin:kotlin-stdlib": {
            "locked": "1.3.72",
            "transitive": [
                "org.jetbrains.kotlin:kotlin-reflect",
                "org.jetbrains.kotlin:kotlin-stdlib-jdk7",
                "org.jetbrains.kotlin:kotlin-stdlib-jdk8"
            ]
        },
        "org.jetbrains.kotlin:kotlin-stdlib-common": {
            "locked": "1.3.72",
            "transitive": [
                "org.jetbrains.kotlin:kotlin-stdlib"
            ]
        },
        "org.jetbrains.kotlin:kotlin-stdlib-jdk7": {
            "locked": "1.3.72",
            "transitive": [
                "org.jetbrains.kotlin:kotlin-stdlib-jdk8"
            ]
        },
        "org.jetbrains.kotlin:kotlin-stdlib-jdk8": {
            "locked": "1.3.41",
            "requested": "1.3.41"
        },
        "org.jetbrains:annotations": {
            "locked": "13.0",
            "transitive": [
                "org.jetbrains.kotlin:kotlin-stdlib"
            ]
        }
    },
    "testCompile": {
        "com.fasterxml.jackson.core:jackson-annotations": {
            "locked": "2.11.1",
            "transitive": [
                "com.fasterxml.jackson.core:jackson-databind",
                "com.fasterxml.jackson.module:jackson-module-kotlin"
            ]
        },
        "com.fasterxml.jackson.core:jackson-core": {
            "locked": "2.11.1",
            "transitive": [
                "com.fasterxml.jackson.core:jackson-databind"
            ]
        },
        "com.fasterxml.jackson.core:jackson-databind": {
            "locked": "2.11.1",
            "transitive": [
                "com.fasterxml.jackson.module:jackson-module-kotlin"
            ]
        },
        "com.fasterxml.jackson.module:jackson-module-kotlin": {
            "locked": "2.9.9",
            "requested": "2.9.9"
        },
        "org.jetbrains.kotlin:kotlin-reflect": {
            "locked": "1.3.41",
            "requested": "1.3.41",
            "transitive": [
                "com.fasterxml.jackson.module:jackson-module-kotlin"
            ]
        },
        "org.jetbrains.kotlin:kotlin-stdlib": {
            "locked": "1.3.72",
            "transitive": [
                "org.jetbrains.kotlin:kotlin-reflect",
                "org.jetbrains.kotlin:kotlin-stdlib-jdk7",
                "org.jetbrains.kotlin:kotlin-stdlib-jdk8"
            ]
        },
        "org.jetbrains.kotlin:kotlin-stdlib-common": {
            "locked": "1.3.72",
            "transitive": [
                "org.jetbrains.kotlin:kotlin-stdlib"
            ]
        },
        "org.jetbrains.kotlin:kotlin-stdlib-jdk7": {
            "locked": "1.3.72",
            "transitive": [
                "org.jetbrains.kotlin:kotlin-stdlib-jdk8"
            ]
        },
        "org.jetbrains.kotlin:kotlin-stdlib-jdk8": {
            "locked": "1.3.41",
            "requested": "1.3.41"
        },
        "org.jetbrains:annotations": {
            "locked": "13.0",
            "transitive": [
                "org.jetbrains.kotlin:kotlin-stdlib"
            ]
        }
    },
    "testCompileClasspath": {
        "com.fasterxml.jackson.core:jackson-annotations": {
            "locked": "2.11.1",
            "transitive": [
                "com.fasterxml.jackson.core:jackson-databind",
                "com.fasterxml.jackson.module:jackson-module-kotlin"
            ]
        },
        "com.fasterxml.jackson.core:jackson-core": {
            "locked": "2.11.1",
            "transitive": [
                "com.fasterxml.jackson.core:jackson-databind"
            ]
        },
        "com.fasterxml.jackson.core:jackson-databind": {
            "locked": "2.11.1",
            "transitive": [
                "com.fasterxml.jackson.module:jackson-module-kotlin"
            ]
        },
        "com.fasterxml.jackson.module:jackson-module-kotlin": {
            "locked": "2.9.9",
            "requested": "2.9.9"
        },
        "io.reactivex.rxjava2:rxjava": {
            "locked": "2.2.19",
            "requested": "2.2.19"
        },
        "one.leftshift.dynabuffers:dynabuffers": {
            "locked": "0.19.0",
            "requested": "0.19.0"
        },
        "org.antlr:antlr4-runtime": {
            "locked": "4.7.2",
            "transitive": [
                "one.leftshift.dynabuffers:dynabuffers"
            ]
        },
        "org.apiguardian:apiguardian-api": {
            "locked": "1.1.0",
            "transitive": [
                "org.junit.jupiter:junit-jupiter-api",
                "org.junit.jupiter:junit-jupiter-engine",
                "org.junit.platform:junit-platform-commons",
                "org.junit.platform:junit-platform-engine"
            ]
        },
        "org.assertj:assertj-core": {
            "locked": "3.16.1",
            "requested": "3.16.1"
        },
        "org.jetbrains.kotlin:kotlin-reflect": {
            "locked": "1.3.41",
            "requested": "1.3.41",
            "transitive": [
                "com.fasterxml.jackson.module:jackson-module-kotlin"
            ]
        },
        "org.jetbrains.kotlin:kotlin-stdlib": {
            "locked": "1.3.72",
            "transitive": [
                "org.jetbrains.kotlin:kotlin-reflect",
                "org.jetbrains.kotlin:kotlin-stdlib-jdk7",
                "org.jetbrains.kotlin:kotlin-stdlib-jdk8"
            ]
        },
        "org.jetbrains.kotlin:kotlin-stdlib-common": {
            "locked": "1.3.72",
            "transitive": [
                "org.jetbrains.kotlin:kotlin-stdlib"
            ]
        },
        "org.jetbrains.kotlin:kotlin-stdlib-jdk7": {
            "locked": "1.3.72",
            "transitive": [
                "org.jetbrains.kotlin:kotlin-stdlib-jdk8"
            ]
        },
        "org.jetbrains.kotlin:kotlin-stdlib-jdk8": {
            "locked": "1.3.41",
            "requested": "1.3.41"
        },
        "org.jetbrains:annotations": {
            "locked": "13.0",
            "transitive": [
                "org.jetbrains.kotlin:kotlin-stdlib"
            ]
        },
        "org.junit.jupiter:junit-jupiter-api": {
            "locked": "5.6.2",
            "transitive": [
                "org.junit.jupiter:junit-jupiter-engine"
            ]
        },
        "org.junit.jupiter:junit-jupiter-engine": {
            "locked": "5.6.2",
            "requested": "5.6.2"
        },
        "org.junit.platform:junit-platform-commons": {
            "locked": "1.6.2",
            "transitive": [
                "org.junit.jupiter:junit-jupiter-api",
                "org.junit.platform:junit-platform-engine"
            ]
        },
        "org.junit.platform:junit-platform-engine": {
            "locked": "1.6.2",
            "transitive": [
                "org.junit.jupiter:junit-jupiter-engine"
            ]
        },
        "org.opentest4j:opentest4j": {
            "locked": "1.2.0",
            "transitive": [
                "org.junit.jupiter:junit-jupiter-api",
                "org.junit.platform:junit-platform-engine"
            ]
        },
        "org.reactivestreams:reactive-streams": {
            "locked": "1.0.3",
            "transitive": [
                "io.reactivex.rxjava2:rxjava"
            ]
        }
    },
    "testImplementationDependenciesMetadata": {
        "com.fasterxml.jackson.core:jackson-annotations": {
            "locked": "2.11.1",
            "transitive": [
                "com.fasterxml.jackson.core:jackson-databind",
                "com.fasterxml.jackson.module:jackson-module-kotlin"
            ]
        },
        "com.fasterxml.jackson.core:jackson-core": {
            "locked": "2.11.1",
            "transitive": [
                "com.fasterxml.jackson.core:jackson-databind"
            ]
        },
        "com.fasterxml.jackson.core:jackson-databind": {
            "locked": "2.11.1",
            "transitive": [
                "com.fasterxml.jackson.module:jackson-module-kotlin"
            ]
        },
        "com.fasterxml.jackson.module:jackson-module-kotlin": {
            "locked": "2.9.9",
            "requested": "2.9.9"
        },
        "io.reactivex.rxjava2:rxjava": {
            "locked": "2.2.19",
            "requested": "2.2.19"
        },
        "one.leftshift.dynabuffers:dynabuffers": {
            "locked": "0.19.0",
            "requested": "0.19.0"
        },
        "org.antlr:antlr4-runtime": {
            "locked": "4.7.2",
            "transitive": [
                "one.leftshift.dynabuffers:dynabuffers"
            ]
        },
        "org.apiguardian:apiguardian-api": {
            "locked": "1.1.0",
            "transitive": [
                "org.junit.jupiter:junit-jupiter-api",
                "org.junit.jupiter:junit-jupiter-engine",
                "org.junit.platform:junit-platform-commons",
                "org.junit.platform:junit-platform-engine"
            ]
        },
        "org.assertj:assertj-core": {
            "locked": "3.16.1",
            "requested": "3.16.1"
        },
        "org.jetbrains.kotlin:kotlin-reflect": {
            "locked": "1.3.41",
            "requested": "1.3.41",
            "transitive": [
                "com.fasterxml.jackson.module:jackson-module-kotlin"
            ]
        },
        "org.jetbrains.kotlin:kotlin-stdlib": {
            "locked": "1.3.72",
            "transitive": [
                "org.jetbrains.kotlin:kotlin-reflect",
                "org.jetbrains.kotlin:kotlin-stdlib-jdk7",
                "org.jetbrains.kotlin:kotlin-stdlib-jdk8"
            ]
        },
        "org.jetbrains.kotlin:kotlin-stdlib-common": {
            "locked": "1.3.72",
            "transitive": [
                "org.jetbrains.kotlin:kotlin-stdlib"
            ]
        },
        "org.jetbrains.kotlin:kotlin-stdlib-jdk7": {
            "locked": "1.3.72",
            "transitive": [
                "org.jetbrains.kotlin:kotlin-stdlib-jdk8"
            ]
        },
        "org.jetbrains.kotlin:kotlin-stdlib-jdk8": {
            "locked": "1.3.41",
            "requested": "1.3.41"
        },
        "org.jetbrains:annotations": {
            "locked": "13.0",
            "transitive": [
                "org.jetbrains.kotlin:kotlin-stdlib"
            ]
        },
        "org.junit.jupiter:junit-jupiter-api": {
            "locked": "5.6.2",
            "transitive": [
                "org.junit.jupiter:junit-jupiter-engine"
            ]
        },
        "org.junit.jupiter:junit-jupiter-engine": {
            "locked": "5.6.2",
            "requested": "5.6.2"
        },
        "org.junit.platform:junit-platform-commons": {
            "locked": "1.6.2",
            "transitive": [
                "org.junit.jupiter:junit-jupiter-api",
                "org.junit.platform:junit-platform-engine"
            ]
        },
        "org.junit.platform:junit-platform-engine": {
            "locked": "1.6.2",
            "transitive": [
                "org.junit.jupiter:junit-jupiter-engine"
            ]
        },
        "org.opentest4j:opentest4j": {
            "locked": "1.2.0",
            "transitive": [
                "org.junit.jupiter:junit-jupiter-api",
                "org.junit.platform:junit-platform-engine"
            ]
        },
        "org.reactivestreams:reactive-streams": {
            "locked": "1.0.3",
            "transitive": [
                "io.reactivex.rxjava2:rxjava"
            ]
        }
    },
    "testRuntime": {
        "com.fasterxml.jackson.core:jackson-annotations": {
            "locked": "2.11.1",
            "transitive": [
                "com.fasterxml.jackson.core:jackson-databind",
                "com.fasterxml.jackson.module:jackson-module-kotlin"
            ]
        },
        "com.fasterxml.jackson.core:jackson-core": {
            "locked": "2.11.1",
            "transitive": [
                "com.fasterxml.jackson.core:jackson-databind"
            ]
        },
        "com.fasterxml.jackson.core:jackson-databind": {
            "locked": "2.11.1",
            "transitive": [
                "com.fasterxml.jackson.module:jackson-module-kotlin"
            ]
        },
        "com.fasterxml.jackson.module:jackson-module-kotlin": {
            "locked": "2.9.9",
            "requested": "2.9.9"
        },
        "org.jetbrains.kotlin:kotlin-reflect": {
            "locked": "1.3.41",
            "requested": "1.3.41",
            "transitive": [
                "com.fasterxml.jackson.module:jackson-module-kotlin"
            ]
        },
        "org.jetbrains.kotlin:kotlin-stdlib": {
            "locked": "1.3.72",
            "transitive": [
                "org.jetbrains.kotlin:kotlin-reflect",
                "org.jetbrains.kotlin:kotlin-stdlib-jdk7",
                "org.jetbrains.kotlin:kotlin-stdlib-jdk8"
            ]
        },
        "org.jetbrains.kotlin:kotlin-stdlib-common": {
            "locked": "1.3.72",
            "transitive": [
                "org.jetbrains.kotlin:kotlin-stdlib"
            ]
        },
        "org.jetbrains.kotlin:kotlin-stdlib-jdk7": {
            "locked": "1.3.72",
            "transitive": [
                "org.jetbrains.kotlin:kotlin-stdlib-jdk8"
            ]
        },
        "org.jetbrains.kotlin:kotlin-stdlib-jdk8": {
            "locked": "1.3.41",
            "requested": "1.3.41"
        },
        "org.jetbrains:annotations": {
            "locked": "13.0",
            "transitive": [
                "org.jetbrains.kotlin:kotlin-stdlib"
            ]
        }
    },
    "testRuntimeClasspath": {
        "com.fasterxml.jackson.core:jackson-annotations": {
            "locked": "2.11.1",
            "transitive": [
                "com.fasterxml.jackson.core:jackson-databind",
                "com.fasterxml.jackson.module:jackson-module-kotlin"
            ]
        },
        "com.fasterxml.jackson.core:jackson-core": {
            "locked": "2.11.1",
            "transitive": [
                "com.fasterxml.jackson.core:jackson-databind"
            ]
        },
        "com.fasterxml.jackson.core:jackson-databind": {
            "locked": "2.11.1",
            "transitive": [
                "com.fasterxml.jackson.module:jackson-module-kotlin"
            ]
        },
        "com.fasterxml.jackson.module:jackson-module-kotlin": {
            "locked": "2.9.9",
            "requested": "2.9.9"
        },
        "io.reactivex.rxjava2:rxjava": {
            "locked": "2.2.19",
            "requested": "2.2.19"
        },
        "one.leftshift.dynabuffers:dynabuffers": {
            "locked": "0.19.0",
            "requested": "0.19.0"
        },
        "org.antlr:antlr4-runtime": {
            "locked": "4.7.2",
            "transitive": [
                "one.leftshift.dynabuffers:dynabuffers"
            ]
        },
        "org.apiguardian:apiguardian-api": {
            "locked": "1.1.0",
            "transitive": [
                "org.junit.jupiter:junit-jupiter-api",
                "org.junit.jupiter:junit-jupiter-engine",
                "org.junit.platform:junit-platform-commons",
                "org.junit.platform:junit-platform-engine"
            ]
        },
        "org.assertj:assertj-core": {
            "locked": "3.16.1",
            "requested": "3.16.1"
        },
        "org.jetbrains.kotlin:kotlin-reflect": {
            "locked": "1.3.41",
            "requested": "1.3.41",
            "transitive": [
                "com.fasterxml.jackson.module:jackson-module-kotlin",
                "one.leftshift.dynabuffers:dynabuffers"
            ]
        },
        "org.jetbrains.kotlin:kotlin-stdlib": {
            "locked": "1.3.72",
            "transitive": [
                "org.jetbrains.kotlin:kotlin-reflect",
                "org.jetbrains.kotlin:kotlin-stdlib-jdk7",
                "org.jetbrains.kotlin:kotlin-stdlib-jdk8"
            ]
        },
        "org.jetbrains.kotlin:kotlin-stdlib-common": {
            "locked": "1.3.72",
            "transitive": [
                "org.jetbrains.kotlin:kotlin-stdlib"
            ]
        },
        "org.jetbrains.kotlin:kotlin-stdlib-jdk7": {
            "locked": "1.3.72",
            "transitive": [
                "org.jetbrains.kotlin:kotlin-stdlib-jdk8"
            ]
        },
        "org.jetbrains.kotlin:kotlin-stdlib-jdk8": {
            "locked": "1.3.41",
            "requested": "1.3.41",
            "transitive": [
                "one.leftshift.dynabuffers:dynabuffers"
            ]
        },
        "org.jetbrains:annotations": {
            "locked": "13.0",
            "transitive": [
                "org.jetbrains.kotlin:kotlin-stdlib"
            ]
        },
        "org.junit.jupiter:junit-jupiter-api": {
            "locked": "5.6.2",
            "transitive": [
                "org.junit.jupiter:junit-jupiter-engine"
            ]
        },
        "org.junit.jupiter:junit-jupiter-engine": {
            "locked": "5.6.2",
            "requested": "5.6.2"
        },
        "org.junit.platform:junit-platform-commons": {
            "locked": "1.6.2",
            "transitive": [
                "org.junit.jupiter:junit-jupiter-api",
                "org.junit.platform:junit-platform-engine"
            ]
        },
        "org.junit.platform:junit-platform-engine": {
            "locked": "1.6.2",
            "transitive": [
                "org.junit.jupiter:junit-jupiter-engine"
            ]
        },
        "org.opentest4j:opentest4j": {
            "locked": "1.2.0",
            "transitive": [
                "org.junit.jupiter:junit-jupiter-api",
                "org.junit.platform:junit-platform-engine"
            ]
        },
        "org.reactivestreams:reactive-streams": {
            "locked": "1.0.3",
            "transitive": [
                "io.reactivex.rxjava2:rxjava"
            ]
        }
    }
}